
Microsoft Visual Studio Solution File, Format Version 12.00
# Visual Studio 15
VisualStudioVersion = 15.0.28307.1145
MinimumVisualStudioVersion = 10.0.40219.1
Project("{FAE04EC0-301F-11D3-BF4B-00C04F79EFBC}") = "consultaCep", "consultaCep\consultaCep.csproj", "{7C637C55-9BE6-460C-849E-9586941082DE}"
EndProject
Global
	GlobalSection(SolutionConfigurationPlatforms) = preSolution
		Debug|Any CPU = Debug|Any CPU
		Release|Any CPU = Release|Any CPU
	EndGlobalSection
	GlobalSection(ProjectConfigurationPlatforms) = postSolution
		{7C637C55-9BE6-460C-849E-9586941082DE}.Debug|Any CPU.ActiveCfg = Debug|Any CPU
		{7C637C55-9BE6-460C-849E-9586941082DE}.Debug|Any CPU.Build.0 = Debug|Any CPU
		{7C637C55-9BE6-460C-849E-9586941082DE}.Release|Any CPU.ActiveCfg = Release|Any CPU
		{7C637C55-9BE6-460C-849E-9586941082DE}.Release|Any CPU.Build.0 = Release|Any CPU
	EndGlobalSection
	GlobalSection(SolutionProperties) = preSolution
		HideSolutionNode = FALSE
	EndGlobalSection
	GlobalSection(ExtensibilityGlobals) = postSolution
		SolutionGuid = {80293AD2-369B-445B-9072-3C443A38DBDB}
	EndGlobalSection
EndGlobal
